{
  "version": 4,
  "terraform_version": "1.7.4",
  "serial": 9,
  "lineage": "173977b4-4db3-f9f5-4026-fb161c828366",
  "outputs": {
    "python_app_server": {
      "value": "54.197.26.249",
      "type": "string"
    }
  },
  "resources": [
    {
      "module": "module.compute",
      "mode": "data",
      "type": "aws_ssm_parameter",
      "name": "webserver-ami",
      "provider": "module.compute.provider[\"registry.terraform.io/hashicorp/aws\"]",
      "instances": [
        {
          "schema_version": 0,
          "attributes": {
            "arn": "arn:aws:ssm:us-east-1::parameter/aws/service/ami-amazon-linux-latest/al2023-ami-kernel-default-x86_64",
            "id": "/aws/service/ami-amazon-linux-latest/al2023-ami-kernel-default-x86_64",
            "name": "/aws/service/ami-amazon-linux-latest/al2023-ami-kernel-default-x86_64",
            "type": "String",
            "value": "ami-051f8a213df8bc089",
            "version": 71,
            "with_decryption": true
          },
          "sensitive_attributes": []
        }
      ]
    },
    {
      "module": "module.compute",
      "mode": "managed",
      "type": "aws_instance",
      "name": "app_server",
      "provider": "module.compute.provider[\"registry.terraform.io/hashicorp/aws\"]",
      "instances": [
        {
          "schema_version": 1,
          "attributes": {
            "ami": "ami-051f8a213df8bc089",
            "arn": "arn:aws:ec2:us-east-1:381492071459:instance/i-095cfcf1dc5da176e",
            "associate_public_ip_address": true,
            "availability_zone": "us-east-1a",
            "capacity_reservation_specification": [
              {
                "capacity_reservation_preference": "open",
                "capacity_reservation_target": []
              }
            ],
            "cpu_core_count": 1,
            "cpu_threads_per_core": 1,
            "credit_specification": [
              {
                "cpu_credits": "standard"
              }
            ],
            "disable_api_termination": false,
            "ebs_block_device": [],
            "ebs_optimized": false,
            "enclave_options": [
              {
                "enabled": false
              }
            ],
            "ephemeral_block_device": [],
            "get_password_data": false,
            "hibernation": false,
            "host_id": null,
            "iam_instance_profile": "",
            "id": "i-095cfcf1dc5da176e",
            "instance_initiated_shutdown_behavior": "stop",
            "instance_state": "running",
            "instance_type": "t2.micro",
            "ipv6_address_count": 0,
            "ipv6_addresses": [],
            "key_name": "app_server",
            "metadata_options": [
              {
                "http_endpoint": "enabled",
                "http_put_response_hop_limit": 2,
                "http_tokens": "required"
              }
            ],
            "monitoring": false,
            "network_interface": [],
            "outpost_arn": "",
            "password_data": "",
            "placement_group": "",
            "primary_network_interface_id": "eni-0520b890c1860b531",
            "private_dns": "ip-10-0-1-221.ec2.internal",
            "private_ip": "10.0.1.221",
            "public_dns": "ec2-54-197-26-249.compute-1.amazonaws.com",
            "public_ip": "54.197.26.249",
            "root_block_device": [
              {
                "delete_on_termination": true,
                "device_name": "/dev/xvda",
                "encrypted": false,
                "iops": 3000,
                "kms_key_id": "",
                "tags": {},
                "throughput": 125,
                "volume_id": "vol-0104afe18916f3ec8",
                "volume_size": 8,
                "volume_type": "gp3"
              }
            ],
            "secondary_private_ips": [],
            "security_groups": [],
            "source_dest_check": true,
            "subnet_id": "subnet-0ffb8a5728e8b9464",
            "tags": {
              "Name": "app_server"
            },
            "tags_all": {
              "Name": "app_server"
            },
            "tenancy": "default",
            "timeouts": null,
            "user_data": null,
            "user_data_base64": null,
            "volume_tags": null,
            "vpc_security_group_ids": [
              "sg-0171764cede138fbb"
            ]
          },
          "sensitive_attributes": [
            [
              {
                "type": "get_attr",
                "value": "ami"
              }
            ]
          ],
          "private": "eyJlMmJmYjczMC1lY2FhLTExZTYtOGY4OC0zNDM2M2JjN2M0YzAiOnsiY3JlYXRlIjo2MDAwMDAwMDAwMDAsImRlbGV0ZSI6MTIwMDAwMDAwMDAwMCwidXBkYXRlIjo2MDAwMDAwMDAwMDB9LCJzY2hlbWFfdmVyc2lvbiI6IjEifQ==",
          "dependencies": [
            "module.compute.aws_key_pair.aws-key",
            "module.compute.data.aws_ssm_parameter.webserver-ami",
            "module.vpc.aws_security_group.ansible_public_sg",
            "module.vpc.aws_subnet.ansible_public_subnet",
            "module.vpc.aws_vpc.ansible_vpc",
            "module.vpc.data.aws_availability_zones.azs"
          ]
        }
      ]
    },
    {
      "module": "module.compute",
      "mode": "managed",
      "type": "aws_key_pair",
      "name": "aws-key",
      "provider": "module.compute.provider[\"registry.terraform.io/hashicorp/aws\"]",
      "instances": [
        {
          "schema_version": 1,
          "attributes": {
            "arn": "arn:aws:ec2:us-east-1:381492071459:key-pair/app_server",
            "fingerprint": "9b:fc:bd:3f:c1:48:86:ea:79:95:bd:ec:4d:5b:0f:6a",
            "id": "app_server",
            "key_name": "app_server",
            "key_name_prefix": null,
            "key_pair_id": "key-0496a6ca36b8a1ce1",
            "public_key": "ssh-rsa AAAAB3NzaC1yc2EAAAADAQABAAABgQC20M6TBHp55RWDkl6Nyb3DYzc8yyl21KFDaslTM66UD2d/wwIagjFUVJuPcD+ASjIxx0sp5FK8i+aDTt87cahX4+aFXNqphf1fGlQ3YG6fh1efRbne5PFrJ+zOKEocdQigrCNjda6bdGumVf3iaXFAveSJZVYDFlqn1i9/gLe9XLbIJNP0R/KfMra54v1W+6F4Gfr69MzI59g8+u7xYI1kuVRT49irxvdE6rnFsWhESx1cKuXTh4xY+5lommWUH2xU1C63xm3qEmYunbk3MNV3s3cQoYF8u8UlThD0CRKBvc6pM4oi2X/XfIRsqc0Xe1RHO5ZWL60e2so8ToX/qbfi+jXbTLWkv30E09dQPnURIeAO8cS4qrKY+W5joeaSL3gWcD2QQvVJiDeb8206oGE7q6H7mI2on08MYhtoIeathtpd7GujjiTlSmdOrVWyX4cHjIliWR+fbR6Uv5d3+bAj9LiPdYs0KHh7uT7XhR5KhN5hbAh9RuaMaRoejM/+Gc0= saquib@Saquibs-MacBook-Pro.local",
            "tags": null,
            "tags_all": {}
          },
          "sensitive_attributes": [],
          "private": "eyJzY2hlbWFfdmVyc2lvbiI6IjEifQ=="
        }
      ]
    },
    {
      "module": "module.vpc",
      "mode": "data",
      "type": "aws_availability_zones",
      "name": "azs",
      "provider": "module.vpc.provider[\"registry.terraform.io/hashicorp/aws\"]",
      "instances": [
        {
          "schema_version": 0,
          "attributes": {
            "all_availability_zones": null,
            "exclude_names": null,
            "exclude_zone_ids": null,
            "filter": null,
            "group_names": [
              "us-east-1"
            ],
            "id": "us-east-1",
            "names": [
              "us-east-1a",
              "us-east-1b",
              "us-east-1c",
              "us-east-1d",
              "us-east-1e",
              "us-east-1f"
            ],
            "state": "available",
            "zone_ids": [
              "use1-az4",
              "use1-az6",
              "use1-az1",
              "use1-az2",
              "use1-az3",
              "use1-az5"
            ]
          },
          "sensitive_attributes": []
        }
      ]
    },
    {
      "module": "module.vpc",
      "mode": "managed",
      "type": "aws_internet_gateway",
      "name": "ansible_igw",
      "provider": "module.vpc.provider[\"registry.terraform.io/hashicorp/aws\"]",
      "instances": [
        {
          "schema_version": 0,
          "attributes": {
            "arn": "arn:aws:ec2:us-east-1:381492071459:internet-gateway/igw-0d90e1ca83f1acdd7",
            "id": "igw-0d90e1ca83f1acdd7",
            "owner_id": "381492071459",
            "tags": {
              "Name": "Ansible-Sandbox-Gateway"
            },
            "tags_all": {
              "Name": "Ansible-Sandbox-Gateway"
            },
            "vpc_id": "vpc-07a9881d0fa1c5861"
          },
          "sensitive_attributes": [],
          "private": "bnVsbA==",
          "dependencies": [
            "module.vpc.aws_vpc.ansible_vpc"
          ]
        }
      ]
    },
    {
      "module": "module.vpc",
      "mode": "managed",
      "type": "aws_route_table",
      "name": "ansible_public_route",
      "provider": "module.vpc.provider[\"registry.terraform.io/hashicorp/aws\"]",
      "instances": [
        {
          "schema_version": 0,
          "attributes": {
            "arn": "arn:aws:ec2:us-east-1:381492071459:route-table/rtb-04bbe7a1158315e7f",
            "id": "rtb-04bbe7a1158315e7f",
            "owner_id": "381492071459",
            "propagating_vgws": [],
            "route": [
              {
                "carrier_gateway_id": "",
                "cidr_block": "0.0.0.0/0",
                "destination_prefix_list_id": "",
                "egress_only_gateway_id": "",
                "gateway_id": "igw-0d90e1ca83f1acdd7",
                "instance_id": "",
                "ipv6_cidr_block": "",
                "local_gateway_id": "",
                "nat_gateway_id": "",
                "network_interface_id": "",
                "transit_gateway_id": "",
                "vpc_endpoint_id": "",
                "vpc_peering_connection_id": ""
              }
            ],
            "tags": {
              "Name": "Ansible-Sandbox-RouteTable"
            },
            "tags_all": {
              "Name": "Ansible-Sandbox-RouteTable"
            },
            "vpc_id": "vpc-07a9881d0fa1c5861"
          },
          "sensitive_attributes": [],
          "private": "bnVsbA==",
          "dependencies": [
            "module.vpc.aws_internet_gateway.ansible_igw",
            "module.vpc.aws_vpc.ansible_vpc"
          ]
        }
      ]
    },
    {
      "module": "module.vpc",
      "mode": "managed",
      "type": "aws_route_table_association",
      "name": "ansible_public_assoc",
      "provider": "module.vpc.provider[\"registry.terraform.io/hashicorp/aws\"]",
      "instances": [
        {
          "schema_version": 0,
          "attributes": {
            "gateway_id": null,
            "id": "rtbassoc-0c671305f0b88648e",
            "route_table_id": "rtb-04bbe7a1158315e7f",
            "subnet_id": "subnet-0ffb8a5728e8b9464"
          },
          "sensitive_attributes": [],
          "private": "bnVsbA==",
          "dependencies": [
            "module.vpc.aws_internet_gateway.ansible_igw",
            "module.vpc.aws_route_table.ansible_public_route",
            "module.vpc.aws_subnet.ansible_public_subnet",
            "module.vpc.aws_vpc.ansible_vpc",
            "module.vpc.data.aws_availability_zones.azs"
          ]
        }
      ]
    },
    {
      "module": "module.vpc",
      "mode": "managed",
      "type": "aws_security_group",
      "name": "ansible_public_sg",
      "provider": "module.vpc.provider[\"registry.terraform.io/hashicorp/aws\"]",
      "instances": [
        {
          "schema_version": 1,
          "attributes": {
            "arn": "arn:aws:ec2:us-east-1:381492071459:security-group/sg-0171764cede138fbb",
            "description": "Used for access to the public instances",
            "egress": [
              {
                "cidr_blocks": [
                  "0.0.0.0/0"
                ],
                "description": "",
                "from_port": 0,
                "ipv6_cidr_blocks": [],
                "prefix_list_ids": [],
                "protocol": "-1",
                "security_groups": [],
                "self": false,
                "to_port": 0
              }
            ],
            "id": "sg-0171764cede138fbb",
            "ingress": [
              {
                "cidr_blocks": [
                  "0.0.0.0/0"
                ],
                "description": "Allow SSH traffic",
                "from_port": 22,
                "ipv6_cidr_blocks": [],
                "prefix_list_ids": [],
                "protocol": "tcp",
                "security_groups": [],
                "self": false,
                "to_port": 22
              },
              {
                "cidr_blocks": [
                  "0.0.0.0/0"
                ],
                "description": "allow traffic from TCP/1233",
                "from_port": 1233,
                "ipv6_cidr_blocks": [],
                "prefix_list_ids": [],
                "protocol": "tcp",
                "security_groups": [],
                "self": false,
                "to_port": 1233
              },
              {
                "cidr_blocks": [
                  "0.0.0.0/0"
                ],
                "description": "allow traffic from TCP/5000",
                "from_port": 5000,
                "ipv6_cidr_blocks": [],
                "prefix_list_ids": [],
                "protocol": "tcp",
                "security_groups": [],
                "self": false,
                "to_port": 5000
              },
              {
                "cidr_blocks": [
                  "0.0.0.0/0"
                ],
                "description": "allow traffic from TCP/80",
                "from_port": 80,
                "ipv6_cidr_blocks": [],
                "prefix_list_ids": [],
                "protocol": "tcp",
                "security_groups": [],
                "self": false,
                "to_port": 80
              }
            ],
            "name": "ansible_public_sg",
            "name_prefix": "",
            "owner_id": "381492071459",
            "revoke_rules_on_delete": false,
            "tags": {
              "Name": "Ansible-SecurityGroup"
            },
            "tags_all": {
              "Name": "Ansible-SecurityGroup"
            },
            "timeouts": null,
            "vpc_id": "vpc-07a9881d0fa1c5861"
          },
          "sensitive_attributes": [],
          "private": "eyJlMmJmYjczMC1lY2FhLTExZTYtOGY4OC0zNDM2M2JjN2M0YzAiOnsiY3JlYXRlIjo2MDAwMDAwMDAwMDAsImRlbGV0ZSI6OTAwMDAwMDAwMDAwfSwic2NoZW1hX3ZlcnNpb24iOiIxIn0=",
          "dependencies": [
            "module.vpc.aws_vpc.ansible_vpc"
          ]
        }
      ]
    },
    {
      "module": "module.vpc",
      "mode": "managed",
      "type": "aws_subnet",
      "name": "ansible_public_subnet",
      "provider": "module.vpc.provider[\"registry.terraform.io/hashicorp/aws\"]",
      "instances": [
        {
          "schema_version": 1,
          "attributes": {
            "arn": "arn:aws:ec2:us-east-1:381492071459:subnet/subnet-0ffb8a5728e8b9464",
            "assign_ipv6_address_on_creation": false,
            "availability_zone": "us-east-1a",
            "availability_zone_id": "use1-az4",
            "cidr_block": "10.0.1.0/24",
            "customer_owned_ipv4_pool": "",
            "id": "subnet-0ffb8a5728e8b9464",
            "ipv6_cidr_block": "",
            "ipv6_cidr_block_association_id": "",
            "map_customer_owned_ip_on_launch": false,
            "map_public_ip_on_launch": false,
            "outpost_arn": "",
            "owner_id": "381492071459",
            "tags": {
              "Name": "Ansible-Sandbox-Subnet"
            },
            "tags_all": {
              "Name": "Ansible-Sandbox-Subnet"
            },
            "timeouts": null,
            "vpc_id": "vpc-07a9881d0fa1c5861"
          },
          "sensitive_attributes": [],
          "private": "eyJlMmJmYjczMC1lY2FhLTExZTYtOGY4OC0zNDM2M2JjN2M0YzAiOnsiY3JlYXRlIjo2MDAwMDAwMDAwMDAsImRlbGV0ZSI6MTIwMDAwMDAwMDAwMH0sInNjaGVtYV92ZXJzaW9uIjoiMSJ9",
          "dependencies": [
            "module.vpc.aws_vpc.ansible_vpc",
            "module.vpc.data.aws_availability_zones.azs"
          ]
        }
      ]
    },
    {
      "module": "module.vpc",
      "mode": "managed",
      "type": "aws_vpc",
      "name": "ansible_vpc",
      "provider": "module.vpc.provider[\"registry.terraform.io/hashicorp/aws\"]",
      "instances": [
        {
          "schema_version": 1,
          "attributes": {
            "arn": "arn:aws:ec2:us-east-1:381492071459:vpc/vpc-07a9881d0fa1c5861",
            "assign_generated_ipv6_cidr_block": false,
            "cidr_block": "10.0.0.0/16",
            "default_network_acl_id": "acl-05da523baa1e88d15",
            "default_route_table_id": "rtb-0833503f66de2210f",
            "default_security_group_id": "sg-076d5b463314c0d57",
            "dhcp_options_id": "dopt-071ce770e470e54db",
            "enable_classiclink": false,
            "enable_classiclink_dns_support": false,
            "enable_dns_hostnames": true,
            "enable_dns_support": true,
            "id": "vpc-07a9881d0fa1c5861",
            "instance_tenancy": "default",
            "ipv6_association_id": "",
            "ipv6_cidr_block": "",
            "main_route_table_id": "rtb-0833503f66de2210f",
            "owner_id": "381492071459",
            "tags": {
              "Name": "Terraform-VPC"
            },
            "tags_all": {
              "Name": "Terraform-VPC"
            }
          },
          "sensitive_attributes": [],
          "private": "eyJzY2hlbWFfdmVyc2lvbiI6IjEifQ=="
        }
      ]
    }
  ],
  "check_results": null
}
